<Solution>
  <Folder Name="/src/">
    <Project Path="src/MediLink.Api/MediLink.Api.csproj" />
    <Project Path="src/MediLink.Auth/MediLink.Auth.csproj" />
    <Project Path="src/MediLink.Core/MediLink.Core.csproj" />
    <Project Path="src/MediLink.Infrastructure/MediLink.Infrastructure.csproj" />
    <Project Path="src/MediLink.Inventory/MediLink.Inventory.csproj" />
    <Project Path="src/MediLink.Order/MediLink.Order.csproj" />
  </Folder>
  <Folder Name="/tests/">
    <Project Path="tests/MediLink.Tests/MediLink.Tests.csproj" />
  </Folder>
</Solution>
